
Microsoft Visual Studio Solution File, Format Version 12.00
# Visual Studio Version 17
VisualStudioVersion = 17.13.35617.110 d17.13
MinimumVisualStudioVersion = 10.0.40219.1
Project("{FAE04EC0-301F-11D3-BF4B-00C04F79EFBC}") = "VideoRentalShopAPI", "VideoRentalShopAPI.csproj", "{CACA8559-7F4E-1326-6C2F-3FA795BEF38A}"
EndProject
Global
	GlobalSection(SolutionConfigurationPlatforms) = preSolution
		Debug|Any CPU = Debug|Any CPU
		Release|Any CPU = Release|Any CPU
	EndGlobalSection
	GlobalSection(ProjectConfigurationPlatforms) = postSolution
		{CACA8559-7F4E-1326-6C2F-3FA795BEF38A}.Debug|Any CPU.ActiveCfg = Debug|Any CPU
		{CACA8559-7F4E-1326-6C2F-3FA795BEF38A}.Debug|Any CPU.Build.0 = Debug|Any CPU
		{CACA8559-7F4E-1326-6C2F-3FA795BEF38A}.Release|Any CPU.ActiveCfg = Release|Any CPU
		{CACA8559-7F4E-1326-6C2F-3FA795BEF38A}.Release|Any CPU.Build.0 = Release|Any CPU
	EndGlobalSection
	GlobalSection(SolutionProperties) = preSolution
		HideSolutionNode = FALSE
	EndGlobalSection
	GlobalSection(ExtensibilityGlobals) = postSolution
		SolutionGuid = {9A135606-40B6-40D9-A0AE-98F995184ADD}
	EndGlobalSection
EndGlobal
